
Microsoft Visual Studio Solution File, Format Version 12.00
# Visual Studio Version 17
VisualStudioVersion = 17.1.32407.343
MinimumVisualStudioVersion = 10.0.40219.1
Project("{FAE04EC0-301F-11D3-BF4B-00C04F79EFBC}") = "tabu", "tabu.csproj", "{4BFA266F-CD9C-4B36-9F6B-AF4BDD368AAD}"
EndProject
Global
	GlobalSection(SolutionConfigurationPlatforms) = preSolution
		Debug|Any CPU = Debug|Any CPU
		Release|Any CPU = Release|Any CPU
	EndGlobalSection
	GlobalSection(ProjectConfigurationPlatforms) = postSolution
		{4BFA266F-CD9C-4B36-9F6B-AF4BDD368AAD}.Debug|Any CPU.ActiveCfg = Debug|Any CPU
		{4BFA266F-CD9C-4B36-9F6B-AF4BDD368AAD}.Debug|Any CPU.Build.0 = Debug|Any CPU
		{4BFA266F-CD9C-4B36-9F6B-AF4BDD368AAD}.Release|Any CPU.ActiveCfg = Release|Any CPU
		{4BFA266F-CD9C-4B36-9F6B-AF4BDD368AAD}.Release|Any CPU.Build.0 = Release|Any CPU
	EndGlobalSection
	GlobalSection(SolutionProperties) = preSolution
		HideSolutionNode = FALSE
	EndGlobalSection
	GlobalSection(ExtensibilityGlobals) = postSolution
		SolutionGuid = {846A3866-102E-45B3-891E-4E5FD2B9680D}
	EndGlobalSection
EndGlobal
